
Microsoft Visual Studio Solution File, Format Version 12.00
# Visual Studio Version 17
VisualStudioVersion = 17.3.32922.545
MinimumVisualStudioVersion = 10.0.40219.1
Project("{FAE04EC0-301F-11D3-BF4B-00C04F79EFBC}") = "Lab1", "Lab1\Lab1.csproj", "{2D13978B-DEBA-46F5-9588-1C5E8CA3FE36}"
EndProject
Project("{FAE04EC0-301F-11D3-BF4B-00C04F79EFBC}") = "ClassLibrary", "ClassLibrary\ClassLibrary.csproj", "{2AAB3102-64B4-4808-8350-E31B8CD27702}"
EndProject
Global
	GlobalSection(SolutionConfigurationPlatforms) = preSolution
		Debug|Any CPU = Debug|Any CPU
		Release|Any CPU = Release|Any CPU
	EndGlobalSection
	GlobalSection(ProjectConfigurationPlatforms) = postSolution
		{2D13978B-DEBA-46F5-9588-1C5E8CA3FE36}.Debug|Any CPU.ActiveCfg = Debug|Any CPU
		{2D13978B-DEBA-46F5-9588-1C5E8CA3FE36}.Debug|Any CPU.Build.0 = Debug|Any CPU
		{2D13978B-DEBA-46F5-9588-1C5E8CA3FE36}.Release|Any CPU.ActiveCfg = Release|Any CPU
		{2D13978B-DEBA-46F5-9588-1C5E8CA3FE36}.Release|Any CPU.Build.0 = Release|Any CPU
		{2AAB3102-64B4-4808-8350-E31B8CD27702}.Debug|Any CPU.ActiveCfg = Debug|Any CPU
		{2AAB3102-64B4-4808-8350-E31B8CD27702}.Debug|Any CPU.Build.0 = Debug|Any CPU
		{2AAB3102-64B4-4808-8350-E31B8CD27702}.Release|Any CPU.ActiveCfg = Release|Any CPU
		{2AAB3102-64B4-4808-8350-E31B8CD27702}.Release|Any CPU.Build.0 = Release|Any CPU
	EndGlobalSection
	GlobalSection(SolutionProperties) = preSolution
		HideSolutionNode = FALSE
	EndGlobalSection
	GlobalSection(ExtensibilityGlobals) = postSolution
		SolutionGuid = {C45C4EB7-C0B0-4A69-9BB9-936214CF2458}
	EndGlobalSection
EndGlobal
